
Microsoft Visual Studio Solution File, Format Version 12.00
# Visual Studio Version 16
VisualStudioVersion = 16.0.30204.135
MinimumVisualStudioVersion = 10.0.40219.1
Project("{FAE04EC0-301F-11D3-BF4B-00C04F79EFBC}") = "CharacterSheetHandler.View", "CharacterSheetHandler\CharacterSheetHandler.View.csproj", "{5E395DE4-3D9D-43B4-9553-45A9EAECE721}"
EndProject
Project("{9A19103F-16F7-4668-BE54-9A1E7A4F7556}") = "CharacterSheetHandler.ViewModels", "CharacterSheet.ViewModels\CharacterSheetHandler.ViewModels.csproj", "{D11A1A44-EE9B-4567-AC77-8865AA915267}"
EndProject
Project("{9A19103F-16F7-4668-BE54-9A1E7A4F7556}") = "CharacterSheetHandler.ViewModels.Tests", "CharacterSheet.ViewModels.Tests\CharacterSheetHandler.ViewModels.Tests.csproj", "{52D623B4-1B15-46DB-AFA5-814D7732E108}"
EndProject
Project("{FAE04EC0-301F-11D3-BF4B-00C04F79EFBC}") = "CharacterSheetHandler.Models", "CharacterSheetHandler.Models\CharacterSheetHandler.Models.csproj", "{758D43DC-1160-487B-AAB2-25714E30DCBD}"
EndProject
Project("{FAE04EC0-301F-11D3-BF4B-00C04F79EFBC}") = "CharacterSheetHandler.Models.Tests", "CharacterSheetHandler.Models.Tests\CharacterSheetHandler.Models.Tests.csproj", "{A3D41E92-CD51-4CE9-8F7A-4189040DB726}"
EndProject
Global
	GlobalSection(SolutionConfigurationPlatforms) = preSolution
		Debug|Any CPU = Debug|Any CPU
		Release|Any CPU = Release|Any CPU
	EndGlobalSection
	GlobalSection(ProjectConfigurationPlatforms) = postSolution
		{5E395DE4-3D9D-43B4-9553-45A9EAECE721}.Debug|Any CPU.ActiveCfg = Debug|Any CPU
		{5E395DE4-3D9D-43B4-9553-45A9EAECE721}.Debug|Any CPU.Build.0 = Debug|Any CPU
		{5E395DE4-3D9D-43B4-9553-45A9EAECE721}.Release|Any CPU.ActiveCfg = Release|Any CPU
		{5E395DE4-3D9D-43B4-9553-45A9EAECE721}.Release|Any CPU.Build.0 = Release|Any CPU
		{D11A1A44-EE9B-4567-AC77-8865AA915267}.Debug|Any CPU.ActiveCfg = Debug|Any CPU
		{D11A1A44-EE9B-4567-AC77-8865AA915267}.Debug|Any CPU.Build.0 = Debug|Any CPU
		{D11A1A44-EE9B-4567-AC77-8865AA915267}.Release|Any CPU.ActiveCfg = Release|Any CPU
		{D11A1A44-EE9B-4567-AC77-8865AA915267}.Release|Any CPU.Build.0 = Release|Any CPU
		{52D623B4-1B15-46DB-AFA5-814D7732E108}.Debug|Any CPU.ActiveCfg = Debug|Any CPU
		{52D623B4-1B15-46DB-AFA5-814D7732E108}.Debug|Any CPU.Build.0 = Debug|Any CPU
		{52D623B4-1B15-46DB-AFA5-814D7732E108}.Release|Any CPU.ActiveCfg = Release|Any CPU
		{52D623B4-1B15-46DB-AFA5-814D7732E108}.Release|Any CPU.Build.0 = Release|Any CPU
		{758D43DC-1160-487B-AAB2-25714E30DCBD}.Debug|Any CPU.ActiveCfg = Debug|Any CPU
		{758D43DC-1160-487B-AAB2-25714E30DCBD}.Debug|Any CPU.Build.0 = Debug|Any CPU
		{758D43DC-1160-487B-AAB2-25714E30DCBD}.Release|Any CPU.ActiveCfg = Release|Any CPU
		{758D43DC-1160-487B-AAB2-25714E30DCBD}.Release|Any CPU.Build.0 = Release|Any CPU
		{A3D41E92-CD51-4CE9-8F7A-4189040DB726}.Debug|Any CPU.ActiveCfg = Debug|Any CPU
		{A3D41E92-CD51-4CE9-8F7A-4189040DB726}.Debug|Any CPU.Build.0 = Debug|Any CPU
		{A3D41E92-CD51-4CE9-8F7A-4189040DB726}.Release|Any CPU.ActiveCfg = Release|Any CPU
		{A3D41E92-CD51-4CE9-8F7A-4189040DB726}.Release|Any CPU.Build.0 = Release|Any CPU
	EndGlobalSection
	GlobalSection(SolutionProperties) = preSolution
		HideSolutionNode = FALSE
	EndGlobalSection
	GlobalSection(ExtensibilityGlobals) = postSolution
		SolutionGuid = {AD26CB35-FDDA-451B-B9A0-39FEFF0ADAB5}
	EndGlobalSection
EndGlobal
